
Microsoft Visual Studio Solution File, Format Version 12.00
# Visual Studio Version 16
VisualStudioVersion = 16.0.30114.105
MinimumVisualStudioVersion = 10.0.40219.1
Project("{FAE04EC0-301F-11D3-BF4B-00C04F79EFBC}") = "Mixirs", "Mixirs\Mixirs.csproj", "{DEA10CBC-FF8E-4A00-A15B-253F053528BB}"
EndProject
Project("{FAE04EC0-301F-11D3-BF4B-00C04F79EFBC}") = "Mixirs.Tests", "Mixirs.Tests\Mixirs.Tests.csproj", "{105E6123-FCC7-497B-975C-301BC81C8B1D}"
EndProject
Global
	GlobalSection(SolutionConfigurationPlatforms) = preSolution
		Debug|Any CPU = Debug|Any CPU
		Release|Any CPU = Release|Any CPU
	EndGlobalSection
	GlobalSection(SolutionProperties) = preSolution
		HideSolutionNode = FALSE
	EndGlobalSection
	GlobalSection(ProjectConfigurationPlatforms) = postSolution
		{DEA10CBC-FF8E-4A00-A15B-253F053528BB}.Debug|Any CPU.ActiveCfg = Debug|Any CPU
		{DEA10CBC-FF8E-4A00-A15B-253F053528BB}.Debug|Any CPU.Build.0 = Debug|Any CPU
		{DEA10CBC-FF8E-4A00-A15B-253F053528BB}.Release|Any CPU.ActiveCfg = Release|Any CPU
		{DEA10CBC-FF8E-4A00-A15B-253F053528BB}.Release|Any CPU.Build.0 = Release|Any CPU
		{105E6123-FCC7-497B-975C-301BC81C8B1D}.Debug|Any CPU.ActiveCfg = Debug|Any CPU
		{105E6123-FCC7-497B-975C-301BC81C8B1D}.Debug|Any CPU.Build.0 = Debug|Any CPU
		{105E6123-FCC7-497B-975C-301BC81C8B1D}.Release|Any CPU.ActiveCfg = Release|Any CPU
		{105E6123-FCC7-497B-975C-301BC81C8B1D}.Release|Any CPU.Build.0 = Release|Any CPU
	EndGlobalSection
EndGlobal
